# GENERATED by `gov rules build` — append-only. Do not reorder, renumber, or delete an entry.
#
# A POL number is allocated ONCE and never reused. A retired clause keeps its entry so that a citation
# written years ago still resolves to the rule that was meant. `start` is the first number NEW allocation
# may use: the framework owns POL-001…199 and POL-400…999; an organization owns POL-200…399 in its own lock.

start: 174
entries:
  - pol: "POL-001", doc: "framework/policies/framework-policy.md", section: "1.1", clauseSha: "f5a7907"
  - pol: "POL-002", doc: "framework/policies/framework-policy.md", section: "1.1", clauseSha: "2f2bf9f"
  - pol: "POL-003", doc: "framework/policies/framework-policy.md", section: "1.2", clauseSha: "0287edc"
  - pol: "POL-004", doc: "framework/policies/framework-policy.md", section: "1.2", clauseSha: "08f2671"
  - pol: "POL-005", doc: "framework/policies/framework-policy.md", section: "1.2", clauseSha: "5c590bf"
  - pol: "POL-006", doc: "framework/policies/framework-policy.md", section: "1.2", clauseSha: "76b67c8", level: "C01"
  - pol: "POL-007", doc: "framework/policies/framework-policy.md", section: "1.2", clauseSha: "3f53596", level: "C02"
  - pol: "POL-008", doc: "framework/policies/framework-policy.md", section: "1.2", clauseSha: "3767616"
  - pol: "POL-009", doc: "framework/policies/framework-policy.md", section: "1.4", clauseSha: "73961f2"
  - pol: "POL-009a", doc: "framework/policies/framework-policy.md", section: "1.5", clauseSha: "4b6f1fa"
  - pol: "POL-009b", doc: "framework/policies/framework-policy.md", section: "9.1", clauseSha: "536bf4d"
  - pol: "POL-010", doc: "framework/policies/framework-policy.md", section: "2", clauseSha: "de6769c"
  - pol: "POL-011", doc: "framework/policies/framework-policy.md", section: "2.1", clauseSha: "fd6205b"
  - pol: "POL-012", doc: "framework/policies/framework-policy.md", section: "2.1", clauseSha: "bcd4072", level: "C01"
  - pol: "POL-013", doc: "framework/policies/framework-policy.md", section: "2.1", clauseSha: "c515d5b", level: "C01"
  - pol: "POL-014", doc: "framework/policies/framework-policy.md", section: "2.1", clauseSha: "ed21529", level: "C01"
  - pol: "POL-015", doc: "framework/policies/framework-policy.md", section: "2.1", clauseSha: "9f85097", level: "C01"
  - pol: "POL-016", doc: "framework/policies/framework-policy.md", section: "2.2", clauseSha: "cc91774"
  - pol: "POL-017", doc: "framework/policies/framework-policy.md", section: "2.2", clauseSha: "47ea31f"
  - pol: "POL-018", doc: "framework/policies/framework-policy.md", section: "2.2", clauseSha: "15863e5"
  - pol: "POL-019", doc: "framework/policies/framework-policy.md", section: "2.2", clauseSha: "aa645ef"
  - pol: "POL-020", doc: "framework/policies/framework-policy.md", section: "2.2", clauseSha: "104c604", level: "C01"
  - pol: "POL-021", doc: "framework/policies/framework-policy.md", section: "2.3", clauseSha: "14006b3"
  - pol: "POL-022", doc: "framework/policies/framework-policy.md", section: "2.3", clauseSha: "0a557fe", level: "C02"
  - pol: "POL-023", doc: "framework/policies/framework-policy.md", section: "2.3", clauseSha: "13f652b", level: "C02"
  - pol: "POL-024", doc: "framework/policies/framework-policy.md", section: "2.3", clauseSha: "726b3f7", level: "C02"
  - pol: "POL-025", doc: "framework/policies/framework-policy.md", section: "2.3", clauseSha: "b0a1d93"
  - pol: "POL-028", doc: "framework/policies/framework-policy.md", section: "3.1", clauseSha: "3790925"
  - pol: "POL-033", doc: "framework/policies/framework-policy.md", section: "3.1", clauseSha: "69048d9", level: "C01"
  - pol: "POL-034", doc: "framework/policies/framework-policy.md", section: "3.1", clauseSha: "fcb814b"
  - pol: "POL-040a", doc: "framework/policies/framework-policy.md", section: "3.3", clauseSha: "5169baf", level: "C01"
  - pol: "POL-040b", doc: "framework/policies/framework-policy.md", section: "3.4", clauseSha: "12881b9"
  - pol: "POL-040c", doc: "framework/policies/framework-policy.md", section: "5.5", clauseSha: "5c1a8a5", level: "C01"
  - pol: "POL-040d", doc: "framework/policies/framework-policy.md", section: "3.4", clauseSha: "26430a0", level: "C01"
  - pol: "POL-040e", doc: "framework/policies/framework-policy.md", section: "3.4", clauseSha: "3934253"
  - pol: "POL-041", doc: "framework/policies/framework-policy.md", section: "4.1", clauseSha: "fc35860", level: "C01"
  - pol: "POL-042", doc: "framework/policies/framework-policy.md", section: "4.2", clauseSha: "af36433", level: "C01"
  - pol: "POL-042a", doc: "framework/policies/framework-policy.md", section: "6.2", clauseSha: "afbb02a"
  - pol: "POL-043", doc: "framework/policies/framework-policy.md", section: "6.2", clauseSha: "6ecd573", level: "C01"
  - pol: "POL-044", doc: "framework/policies/framework-policy.md", section: "4.3", clauseSha: "3a50ada", level: "C01"
  - pol: "POL-044a", doc: "framework/policies/framework-policy.md", section: "4.3", clauseSha: "1d60dad"
  - pol: "POL-044b", doc: "framework/policies/framework-policy.md", section: "6.2", clauseSha: "9204a30"
  - pol: "POL-045", doc: "framework/policies/framework-policy.md", section: "4.4", clauseSha: "3a42f93"
  - pol: "POL-046", doc: "framework/policies/framework-policy.md", section: "4.4", clauseSha: "0cbfe03"
  - pol: "POL-047", doc: "framework/policies/framework-policy.md", section: "4.4", clauseSha: "7f53a73", level: "C01"
  - pol: "POL-047a", doc: "framework/policies/framework-policy.md", section: "6.1", clauseSha: "8dafaf6", level: "C01"
  - pol: "POL-048", doc: "framework/policies/framework-policy.md", section: "4.5", clauseSha: "31e679f"
  - pol: "POL-049", doc: "framework/policies/framework-policy.md", section: "4.5", clauseSha: "126da4e"
  - pol: "POL-050", doc: "framework/policies/framework-policy.md", section: "4.5", clauseSha: "304c1f8", level: "C03"
  - pol: "POL-051", doc: "framework/policies/framework-policy.md", section: "4.5", clauseSha: "6a3e636"
  - pol: "POL-052", doc: "framework/policies/framework-policy.md", section: "4.5", clauseSha: "e6b95ee"
  - pol: "POL-053", doc: "framework/policies/framework-policy.md", section: "4.6", clauseSha: "19f81ee", level: "C02"
  - pol: "POL-054", doc: "framework/policies/framework-policy.md", section: "4.6", clauseSha: "df4689e", level: "C02"
  - pol: "POL-055", doc: "framework/policies/framework-policy.md", section: "4.6", clauseSha: "74f233a", level: "C02"
  - pol: "POL-056", doc: "framework/policies/framework-policy.md", section: "5.1", clauseSha: "4901327"
  - pol: "POL-056a", doc: "framework/policies/framework-policy.md", section: "5", clauseSha: "4bb22b9"
  - pol: "POL-057", doc: "framework/policies/framework-policy.md", section: "5.1", clauseSha: "15a8a35", level: "C01"
  - pol: "POL-058", doc: "framework/policies/framework-policy.md", section: "5.2", clauseSha: "dd93db8", level: "C01"
  - pol: "POL-059", doc: "framework/policies/framework-policy.md", section: "6.2", clauseSha: "0c9dbc3"
  - pol: "POL-060", doc: "framework/policies/framework-policy.md", section: "6.3", clauseSha: "3df54f7", level: "C01"
  - pol: "POL-061", doc: "framework/policies/framework-policy.md", section: "6.3", clauseSha: "a6996bb", level: "C01"
  - pol: "POL-062", doc: "framework/policies/framework-policy.md", section: "6.4", clauseSha: "3d53beb", level: "C01"
  - pol: "POL-063", doc: "framework/policies/framework-policy.md", section: "6.4", clauseSha: "07cad1d", level: "C01"
  - pol: "POL-064", doc: "framework/policies/framework-policy.md", section: "6.4", clauseSha: "71b2ca1", level: "C02"
  - pol: "POL-065", doc: "framework/policies/framework-policy.md", section: "6.4", clauseSha: "e8a0204", level: "C02"
  - pol: "POL-066", doc: "framework/policies/framework-policy.md", section: "6.4", clauseSha: "b7c1818", level: "C02"
  - pol: "POL-067", doc: "framework/policies/framework-policy.md", section: "5.3", clauseSha: "82f40dd", level: "C01"
  - pol: "POL-068", doc: "framework/policies/framework-policy.md", section: "5.3", clauseSha: "c1a94be", level: "C03"
  - pol: "POL-069", doc: "framework/policies/framework-policy.md", section: "5.3", clauseSha: "273f2e9", level: "C01"
  - pol: "POL-070", doc: "framework/policies/framework-policy.md", section: "5.3", clauseSha: "1d77617", level: "C01"
  - pol: "POL-071", doc: "framework/policies/framework-policy.md", section: "5.3", clauseSha: "c913843", level: "C01"
  - pol: "POL-072", doc: "framework/policies/framework-policy.md", section: "5.3", clauseSha: "5fbd1e9", level: "C02"
  - pol: "POL-073", doc: "framework/policies/framework-policy.md", section: "5.3", clauseSha: "a8cda2f", level: "C01"
  - pol: "POL-074", doc: "framework/policies/framework-policy.md", section: "5.4", clauseSha: "b2ccd32", level: "C01"
  - pol: "POL-075", doc: "framework/policies/framework-policy.md", section: "5.4", clauseSha: "5c301e7", level: "C01"
  - pol: "POL-076", doc: "framework/policies/framework-policy.md", section: "7.3", clauseSha: "645164b", level: "C01"
  - pol: "POL-077", doc: "framework/policies/framework-policy.md", section: "7.3", clauseSha: "f6be47d"
  - pol: "POL-078", doc: "framework/policies/framework-policy.md", section: "7.3", clauseSha: "5b6032c"
  - pol: "POL-079", doc: "framework/policies/framework-policy.md", section: "7.3", clauseSha: "3cd1338"
  - pol: "POL-080", doc: "framework/policies/framework-policy.md", section: "7.3", clauseSha: "c944657", level: "C01"
  - pol: "POL-081", doc: "framework/policies/framework-policy.md", section: "7.3", clauseSha: "df4a4ce", level: "C01"
  - pol: "POL-083", doc: "framework/policies/framework-policy.md", section: "3.4", clauseSha: "ec4f6fd", level: "C01"
  - pol: "POL-083a", doc: "framework/policies/framework-policy.md", section: "8.1", clauseSha: "ae4eda4", level: "C01"
  - pol: "POL-084", doc: "framework/policies/framework-policy.md", section: "8.2", clauseSha: "8177149", level: "C01"
  - pol: "POL-085", doc: "framework/policies/framework-policy.md", section: "8.2", clauseSha: "a53ba80", level: "C02"
  - pol: "POL-086a", doc: "framework/policies/framework-policy.md", section: "8.3", clauseSha: "1679930", level: "C01"
  - pol: "POL-086b", doc: "framework/policies/framework-policy.md", section: "8.3", clauseSha: "7d25d43", level: "C01"
  - pol: "POL-086c", doc: "framework/policies/framework-policy.md", section: "8.3", clauseSha: "bc9d8fa"
  - pol: "POL-086d", doc: "framework/policies/framework-policy.md", section: "8.3", clauseSha: "8272d6a"
  - pol: "POL-087", doc: "framework/policies/framework-policy.md", section: "-", clauseSha: "-", retired: true, why: "superseded by POL-086b — a project branch may edit any path; only the default branch governs"
  - pol: "POL-088", doc: "framework/policies/framework-policy.md", section: "8.3", clauseSha: "34c58bd"
  - pol: "POL-089", doc: "framework/policies/framework-policy.md", section: "8.4", clauseSha: "a606d8e", level: "C02"
  - pol: "POL-090", doc: "framework/policies/framework-policy.md", section: "8.4", clauseSha: "cd3c8b5"
  - pol: "POL-091", doc: "framework/policies/framework-policy.md", section: "8.4", clauseSha: "b2c80db"
  - pol: "POL-092", doc: "framework/policies/framework-policy.md", section: "8.4", clauseSha: "8d0e3d9"
  - pol: "POL-093", doc: "framework/policies/framework-policy.md", section: "8.4", clauseSha: "a8cee92"
  - pol: "POL-094", doc: "framework/policies/framework-policy.md", section: "8.5", clauseSha: "d8f12e5"
  - pol: "POL-095", doc: "framework/policies/framework-policy.md", section: "8.5", clauseSha: "5bf364b"
  - pol: "POL-096", doc: "framework/policies/framework-policy.md", section: "8.5", clauseSha: "e1a0d15"
  - pol: "POL-097", doc: "framework/policies/framework-policy.md", section: "8.5", clauseSha: "75b3bfe"
  - pol: "POL-098", doc: "framework/policies/framework-policy.md", section: "8.5", clauseSha: "bc950b4"
  - pol: "POL-099", doc: "framework/policies/framework-policy.md", section: "8.5", clauseSha: "7df00b3", level: "C01"
  - pol: "POL-105", doc: "framework/policies/framework-policy.md", section: "8.7", clauseSha: "63fe9d8"
  - pol: "POL-105a", doc: "framework/policies/framework-policy.md", section: "8.7", clauseSha: "ff37396"
  - pol: "POL-106", doc: "framework/policies/framework-policy.md", section: "8.7", clauseSha: "da72f73"
  - pol: "POL-110", doc: "framework/policies/framework-policy.md", section: "-", clauseSha: "-", retired: true, why: "subsumed by POL-093 — review at close is the owners' and the Policy Owner's"
  - pol: "POL-111", doc: "framework/policies/framework-policy.md", section: "-", clauseSha: "-", retired: true, why: "removed 2026-09-23 — gov close performs no LLM+RAG synthesis; it proposes the project's own files"
  - pol: "POL-112", doc: "framework/policies/framework-policy.md", section: "8.5", clauseSha: "fa0f889"
  - pol: "POL-113", doc: "framework/policies/framework-policy.md", section: "9.4", clauseSha: "9b05526", level: "C01"
  - pol: "POL-114", doc: "framework/policies/framework-policy.md", section: "6.5", clauseSha: "ecb2e45", level: "C01"
  - pol: "POL-115", doc: "framework/policies/framework-policy.md", section: "9.4", clauseSha: "a54ceed"
  - pol: "POL-116", doc: "framework/policies/framework-policy.md", section: "7.3", clauseSha: "2c551d0", level: "C01"
  - pol: "POL-117", doc: "framework/policies/framework-policy.md", section: "9.4", clauseSha: "bfcce56"
  - pol: "POL-118", doc: "framework/policies/framework-policy.md", section: "9.4", clauseSha: "23e79ae"
  - pol: "POL-119", doc: "framework/policies/framework-policy.md", section: "9.5", clauseSha: "14a701c", level: "C02"
  - pol: "POL-120", doc: "framework/policies/framework-policy.md", section: "9.5", clauseSha: "73f6adc"
  - pol: "POL-121", doc: "framework/policies/framework-policy.md", section: "9.5", clauseSha: "6e3bfae"
  - pol: "POL-122", doc: "framework/policies/framework-policy.md", section: "9.5", clauseSha: "a7907d5"
  - pol: "POL-123", doc: "framework/policies/framework-policy.md", section: "9.5", clauseSha: "467e44b"
  - pol: "POL-124", doc: "framework/policies/framework-policy.md", section: "9.6", clauseSha: "7ba530e", level: "C01"
  - pol: "POL-125", doc: "framework/policies/framework-policy.md", section: "7.1", clauseSha: "71e6ccd", level: "C01"
  - pol: "POL-126", doc: "framework/policies/framework-policy.md", section: "7.1", clauseSha: "9bf8c11", level: "C01"
  - pol: "POL-127", doc: "framework/policies/framework-policy.md", section: "-", clauseSha: "-", retired: true, why: "subsumed by POL-080 (layer + read-only-your-own) and POL-125/126 (the work root)"
  - pol: "POL-128", doc: "framework/policies/framework-policy.md", section: "7.1", clauseSha: "b08ec36", level: "C01"
  - pol: "POL-129", doc: "framework/policies/framework-policy.md", section: "7.4", clauseSha: "aab6511"
  - pol: "POL-130", doc: "framework/policies/framework-policy.md", section: "7.4", clauseSha: "f292b48", level: "C03"
  - pol: "POL-131", doc: "framework/policies/framework-policy.md", section: "7.4", clauseSha: "7f8ffaf", level: "C01"
  - pol: "POL-131a", doc: "framework/policies/framework-policy.md", section: "7.4", clauseSha: "1ecd75e", level: "C01"
  - pol: "POL-132", doc: "framework/policies/framework-policy.md", section: "7.4", clauseSha: "f60147c", level: "C02"
  - pol: "POL-133", doc: "framework/policies/framework-policy.md", section: "7.4", clauseSha: "5fa45d3", level: "C01"
  - pol: "POL-137", doc: "framework/policies/framework-policy.md", section: "9.7", clauseSha: "40f89b3", level: "C01"
  - pol: "POL-143", doc: "framework/policies/framework-policy.md", section: "9.9", clauseSha: "89c9c65", level: "C01"
  - pol: "POL-145a", doc: "framework/policies/framework-policy.md", section: "10.1", clauseSha: "60f3f28", level: "C02"
  - pol: "POL-145b", doc: "framework/policies/framework-policy.md", section: "10.1", clauseSha: "73bb8a5"
  - pol: "POL-145c", doc: "framework/policies/framework-policy.md", section: "10.1", clauseSha: "8e757f0", level: "C01"
  - pol: "POL-146", doc: "framework/policies/framework-policy.md", section: "10.3", clauseSha: "21ced57"
  - pol: "POL-146a", doc: "framework/policies/framework-policy.md", section: "10.2", clauseSha: "4e78d8d", level: "C03"
  - pol: "POL-147", doc: "framework/policies/framework-policy.md", section: "10.3", clauseSha: "0ef79b3", level: "C01"
  - pol: "POL-148", doc: "framework/policies/framework-policy.md", section: "10.3", clauseSha: "ed9c7a0"
  - pol: "POL-149", doc: "framework/policies/framework-policy.md", section: "10.3", clauseSha: "4a717f2", level: "C01"
  - pol: "POL-150", doc: "framework/policies/framework-policy.md", section: "10.4", clauseSha: "ab8e193", level: "C02"
  - pol: "POL-152", doc: "framework/policies/framework-policy.md", section: "11.1", clauseSha: "a7cd95f"
  - pol: "POL-153", doc: "framework/policies/framework-policy.md", section: "11.1", clauseSha: "16db00c"
  - pol: "POL-154", doc: "framework/policies/framework-policy.md", section: "11.1", clauseSha: "11617fd"
  - pol: "POL-155", doc: "framework/policies/framework-policy.md", section: "11.1", clauseSha: "738b013", level: "C01"
  - pol: "POL-156", doc: "framework/policies/framework-policy.md", section: "11.2", clauseSha: "ef8a608", level: "C01"
  - pol: "POL-156a", doc: "framework/policies/framework-policy.md", section: "11.2", clauseSha: "95337e9"
  - pol: "POL-158a", doc: "framework/policies/framework-policy.md", section: "11.4", clauseSha: "18805ca", level: "C02"
  - pol: "POL-172", doc: "framework/policies/framework-policy.md", section: "7.2", clauseSha: "cb67b4f", level: "C01"
  - pol: "POL-173", doc: "framework/policies/framework-policy.md", section: "7.2", clauseSha: "8e705ea", level: "C01"
  - pol: "POL-402", doc: "framework/policies/framework-policy.md", section: "8.6", clauseSha: "e2de643", level: "C01"
  - pol: "POL-414", doc: "framework/policies/framework-policy.md", section: "9.5", clauseSha: "5da8eb8", level: "C02"
  - pol: "POL-414a", doc: "framework/policies/framework-policy.md", section: "9.5", clauseSha: "9ee55c4", level: "C01"
  - pol: "POL-423", doc: "framework/policies/framework-policy.md", section: "9.8", clauseSha: "1148618", level: "C01"
  - pol: "POL-427", doc: "framework/policies/framework-policy.md", section: "9.8", clauseSha: "d366167"
  - pol: "POL-428", doc: "framework/policies/framework-policy.md", section: "9.2", clauseSha: "b5403d3"
  - pol: "POL-429", doc: "framework/policies/framework-policy.md", section: "9.2", clauseSha: "1f21ed0", level: "C01"
  - pol: "POL-430", doc: "framework/policies/framework-policy.md", section: "9.2", clauseSha: "3e910ef", level: "C01"
  - pol: "POL-431", doc: "framework/policies/framework-policy.md", section: "9.2", clauseSha: "b87aa09"
  - pol: "POL-432", doc: "framework/policies/framework-policy.md", section: "9.3", clauseSha: "7271b1f", level: "C01"
